
Microsoft Visual Studio Solution File, Format Version 12.00
# Visual Studio Version 16
VisualStudioVersion = 16.0.30804.86
MinimumVisualStudioVersion = 10.0.40219.1
Project("{FAE04EC0-301F-11D3-BF4B-00C04F79EFBC}") = "files_directories_class", "files_directories_class\files_directories_class.csproj", "{6E6E7863-979E-40D2-977D-72A33F0A7FC2}"
EndProject
Project("{FAE04EC0-301F-11D3-BF4B-00C04F79EFBC}") = "ConsoleApplication", "ConsoleApplication\ConsoleApplication.csproj", "{1B7BD2F5-F139-4470-A227-01C19BD27D92}"
EndProject
Global
	GlobalSection(SolutionConfigurationPlatforms) = preSolution
		Debug|Any CPU = Debug|Any CPU
		Release|Any CPU = Release|Any CPU
	EndGlobalSection
	GlobalSection(ProjectConfigurationPlatforms) = postSolution
		{6E6E7863-979E-40D2-977D-72A33F0A7FC2}.Debug|Any CPU.ActiveCfg = Debug|Any CPU
		{6E6E7863-979E-40D2-977D-72A33F0A7FC2}.Debug|Any CPU.Build.0 = Debug|Any CPU
		{6E6E7863-979E-40D2-977D-72A33F0A7FC2}.Release|Any CPU.ActiveCfg = Release|Any CPU
		{6E6E7863-979E-40D2-977D-72A33F0A7FC2}.Release|Any CPU.Build.0 = Release|Any CPU
		{1B7BD2F5-F139-4470-A227-01C19BD27D92}.Debug|Any CPU.ActiveCfg = Debug|Any CPU
		{1B7BD2F5-F139-4470-A227-01C19BD27D92}.Debug|Any CPU.Build.0 = Debug|Any CPU
		{1B7BD2F5-F139-4470-A227-01C19BD27D92}.Release|Any CPU.ActiveCfg = Release|Any CPU
		{1B7BD2F5-F139-4470-A227-01C19BD27D92}.Release|Any CPU.Build.0 = Release|Any CPU
	EndGlobalSection
	GlobalSection(SolutionProperties) = preSolution
		HideSolutionNode = FALSE
	EndGlobalSection
	GlobalSection(ExtensibilityGlobals) = postSolution
		SolutionGuid = {FEBFB5DC-DABA-4C3E-A50C-590421674B78}
	EndGlobalSection
EndGlobal
